PODS:
  - Nimble (8.0.9)
  - PokemonSDK (0.1.0)
  - Quick (2.2.1)

DEPENDENCIES:
  - Nimble (~> 8.0.7)
  - PokemonSDK (from `../`)
  - Quick (~> 2.2.0)

SPEC REPOS:
  trunk:
    - Nimble
    - Quick

EXTERNAL SOURCES:
  PokemonSDK:
    :path: "../"

SPEC CHECKSUMS:
  Nimble: 98b888285a615fd34f20e61753cf58ea1402bde4
  PokemonSDK: 00834b8e543bcdddcdc95af2b1722f316eec7b28
  Quick: f5754d69b7013f5864c29aab9ae6f0c79c5bc200

PODFILE CHECKSUM: e47eb81f7306c65457af4f31111af998275aa050

COCOAPODS: 1.10.1
